
Microsoft Visual Studio Solution File, Format Version 12.00
# Visual Studio Version 16
VisualStudioVersion = 16.0.32407.337
MinimumVisualStudioVersion = 10.0.40219.1
Project("{FAE04EC0-301F-11D3-BF4B-00C04F79EFBC}") = "bloknot1", "bloknot1.csproj", "{DB2D7483-1E0E-459E-AC84-8093C242EF6D}"
EndProject
Global
	GlobalSection(SolutionConfigurationPlatforms) = preSolution
		Debug|Any CPU = Debug|Any CPU
		Release|Any CPU = Release|Any CPU
	EndGlobalSection
	GlobalSection(ProjectConfigurationPlatforms) = postSolution
		{DB2D7483-1E0E-459E-AC84-8093C242EF6D}.Debug|Any CPU.ActiveCfg = Debug|Any CPU
		{DB2D7483-1E0E-459E-AC84-8093C242EF6D}.Debug|Any CPU.Build.0 = Debug|Any CPU
		{DB2D7483-1E0E-459E-AC84-8093C242EF6D}.Release|Any CPU.ActiveCfg = Release|Any CPU
		{DB2D7483-1E0E-459E-AC84-8093C242EF6D}.Release|Any CPU.Build.0 = Release|Any CPU
	EndGlobalSection
	GlobalSection(SolutionProperties) = preSolution
		HideSolutionNode = FALSE
	EndGlobalSection
	GlobalSection(ExtensibilityGlobals) = postSolution
		SolutionGuid = {A827885B-1F2D-4DAB-8D73-309715113B68}
	EndGlobalSection
EndGlobal
